// !$*UTF8*$!
{
	archiveVersion = 1;
	classes = {
	};
	objectVersion = 50;
	objects = {

/* Begin PBXBuildFile section */
		2675E1662528367500F8FAB4 /* AppDelegate.swift in Sources */ = {isa = PBXBuildFile; fileRef = 2675E1652528367500F8FAB4 /* AppDelegate.swift */; };
		2675E1682528367500F8FAB4 /* SceneDelegate.swift in Sources */ = {isa = PBXBuildFile; fileRef = 2675E1672528367500F8FAB4 /* SceneDelegate.swift */; };
		2675E16A2528367500F8FAB4 /* ViewController.swift in Sources */ = {isa = PBXBuildFile; fileRef = 2675E1692528367500F8FAB4 /* ViewController.swift */; };
		2675E16D2528367500F8FAB4 /* Main.storyboard in Resources */ = {isa = PBXBuildFile; fileRef = 2675E16B2528367500F8FAB4 /* Main.storyboard */; };
		2675E16F2528367900F8FAB4 /* Assets.xcassets in Resources */ = {isa = PBXBuildFile; fileRef = 2675E16E2528367900F8FAB4 /* Assets.xcassets */; };
		2675E1722528367900F8FAB4 /* LaunchScreen.storyboard in Resources */ = {isa = PBXBuildFile; fileRef = 2675E1702528367900F8FAB4 /* LaunchScreen.storyboard */; };
		2675E17D2528490B00F8FAB4 /* CustomTableViewCell.swift in Sources */ = {isa = PBXBuildFile; fileRef = 2675E17C2528490B00F8FAB4 /* CustomTableViewCell.swift */; };
		2675E17F25284B0500F8FAB4 /* SwitchViewController.swift in Sources */ = {isa = PBXBuildFile; fileRef = 2675E17E25284B0400F8FAB4 /* SwitchViewController.swift */; };
		2675E18125286B1A00F8FAB4 /* AddIndexViewController.swift in Sources */ = {isa = PBXBuildFile; fileRef = 2675E18025286B1A00F8FAB4 /* AddIndexViewController.swift */; };
/* End PBXBuildFile section */

/* Begin PBXFileReference section */
		2675E1622528367500F8FAB4 /* SystemTask-Pyramidions.app */ = {isa = PBXFileReference; explicitFileType = wrapper.application; includeInIndex = 0; path = "SystemTask-Pyramidions.app"; sourceTree = BUILT_PRODUCTS_DIR; };
		2675E1652528367500F8FAB4 /* AppDelegate.swift */ = {isa = PBXFileReference; lastKnownFileType = sourcecode.swift; path = AppDelegate.swift; sourceTree = "<group>"; };
		2675E1672528367500F8FAB4 /* SceneDelegate.swift */ = {isa = PBXFileReference; lastKnownFileType = sourcecode.swift; path = SceneDelegate.swift; sourceTree = "<group>"; };
		2675E1692528367500F8FAB4 /* ViewController.swift */ = {isa = PBXFileReference; lastKnownFileType = sourcecode.swift; path = ViewController.swift; sourceTree = "<group>"; };
		2675E16C2528367500F8FAB4 /* Base */ = {isa = PBXFileReference; lastKnownFileType = file.storyboard; name = Base; path = Base.lproj/Main.storyboard; sourceTree = "<group>"; };
		2675E16E2528367900F8FAB4 /* Assets.xcassets */ = {isa = PBXFileReference; lastKnownFileType = folder.assetcatalog; path = Assets.xcassets; sourceTree = "<group>"; };
		2675E1712528367900F8FAB4 /* Base */ = {isa = PBXFileReference; lastKnownFileType = file.storyboard; name = Base; path = Base.lproj/LaunchScreen.storyboard; sourceTree = "<group>"; };
		2675E1732528367900F8FAB4 /* Info.plist */ = {isa = PBXFileReference; lastKnownFileType = text.plist.xml; path = Info.plist; sourceTree = "<group>"; };
		2675E17C2528490B00F8FAB4 /* CustomTableViewCell.swift */ = {isa = PBXFileReference; lastKnownFileType = sourcecode.swift; path = CustomTableViewCell.swift; sourceTree = "<group>"; };
		2675E17E25284B0400F8FAB4 /* SwitchViewController.swift */ = {isa = PBXFileReference; lastKnownFileType = sourcecode.swift; path = SwitchViewController.swift; sourceTree = "<group>"; };
		2675E18025286B1A00F8FAB4 /* AddIndexViewController.swift */ = {isa = PBXFileReference; lastKnownFileType = sourcecode.swift; path = AddIndexViewController.swift; sourceTree = "<group>"; };
/* End PBXFileReference section */

/* Begin PBXFrameworksBuildPhase section */
		2675E15F2528367500F8FAB4 /* Frameworks */ = {
			isa = PBXFrameworksBuildPhase;
			buildActionMask = 2147483647;
			files = (
			);
			runOnlyForDeploymentPostprocessing = 0;
		};
/* End PBXFrameworksBuildPhase section */

/* Begin PBXGroup section */
		2675E1592528367500F8FAB4 = {
			isa = PBXGroup;
			children = (
				2675E1642528367500F8FAB4 /* SystemTask-Pyramidions */,
				2675E1632528367500F8FAB4 /* Products */,
			);
			sourceTree = "<group>";
		};
		2675E1632528367500F8FAB4 /* Products */ = {
			isa = PBXGroup;
			children = (
				2675E1622528367500F8FAB4 /* SystemTask-Pyramidions.app */,
			);
			name = Products;
			sourceTree = "<group>";
		};
		2675E1642528367500F8FAB4 /* SystemTask-Pyramidions */ = {
			isa = PBXGroup;
			children = (
				2675E179252848A300F8FAB4 /* Customcells */,
				2675E1652528367500F8FAB4 /* AppDelegate.swift */,
				2675E1672528367500F8FAB4 /* SceneDelegate.swift */,
				2675E1692528367500F8FAB4 /* ViewController.swift */,
				2675E17E25284B0400F8FAB4 /* SwitchViewController.swift */,
				2675E18025286B1A00F8FAB4 /* AddIndexViewController.swift */,
				2675E16B2528367500F8FAB4 /* Main.storyboard */,
				2675E16E2528367900F8FAB4 /* Assets.xcassets */,
				2675E1702528367900F8FAB4 /* LaunchScreen.storyboard */,
				2675E1732528367900F8FAB4 /* Info.plist */,
			);
			path = "SystemTask-Pyramidions";
			sourceTree = "<group>";
		};
		2675E179252848A300F8FAB4 /* Customcells */ = {
			isa = PBXGroup;
			children = (
				2675E17C2528490B00F8FAB4 /* CustomTableViewCell.swift */,
			);
			path = Customcells;
			sourceTree = "<group>";
		};
/* End PBXGroup section */

/* Begin PBXNativeTarget section */
		2675E1612528367500F8FAB4 /* SystemTask-Pyramidions */ = {
			isa = PBXNativeTarget;
			buildConfigurationList = 2675E1762528367900F8FAB4 /* Build configuration list for PBXNativeTarget "SystemTask-Pyramidions" */;
			buildPhases = (
				2675E15E2528367500F8FAB4 /* Sources */,
				2675E15F2528367500F8FAB4 /* Frameworks */,
				2675E1602528367500F8FAB4 /* Resources */,
			);
			buildRules = (
			);
			dependencies = (
			);
			name = "SystemTask-Pyramidions";
			productName = "SystemTask-Pyramidions";
			productReference = 2675E1622528367500F8FAB4 /* SystemTask-Pyramidions.app */;
			productType = "com.apple.product-type.application";
		};
/* End PBXNativeTarget section */

/* Begin PBXProject section */
		2675E15A2528367500F8FAB4 /* Project object */ = {
			isa = PBXProject;
			attributes = {
				LastSwiftUpdateCheck = 1120;
				LastUpgradeCheck = 1120;
				ORGANIZATIONNAME = Contus;
				TargetAttributes = {
					2675E1612528367500F8FAB4 = {
						CreatedOnToolsVersion = 11.2.1;
					};
				};
			};
			buildConfigurationList = 2675E15D2528367500F8FAB4 /* Build configuration list for PBXProject "SystemTask-Pyramidions" */;
			compatibilityVersion = "Xcode 9.3";
			developmentRegion = en;
			hasScannedForEncodings = 0;
			knownRegions = (
				en,
				Base,
			);
			mainGroup = 2675E1592528367500F8FAB4;
			productRefGroup = 2675E1632528367500F8FAB4 /* Products */;
			projectDirPath = "";
			projectRoot = "";
			targets = (
				2675E1612528367500F8FAB4 /* SystemTask-Pyramidions */,
			);
		};
/* End PBXProject section */

/* Begin PBXResourcesBuildPhase section */
		2675E1602528367500F8FAB4 /* Resources */ = {
			isa = PBXResourcesBuildPhase;
			buildActionMask = 2147483647;
			files = (
				2675E1722528367900F8FAB4 /* LaunchScreen.storyboard in Resources */,
				2675E16F2528367900F8FAB4 /* Assets.xcassets in Resources */,
				2675E16D2528367500F8FAB4 /* Main.storyboard in Resources */,
			);
			runOnlyForDeploymentPostprocessing = 0;
		};
/* End PBXResourcesBuildPhase section */

/* Begin PBXSourcesBuildPhase section */
		2675E15E2528367500F8FAB4 /* Sources */ = {
			isa = PBXSourcesBuildPhase;
			buildActionMask = 2147483647;
			files = (
				2675E16A2528367500F8FAB4 /* ViewController.swift in Sources */,
				2675E1662528367500F8FAB4 /* AppDelegate.swift in Sources */,
				2675E17F25284B0500F8FAB4 /* SwitchViewController.swift in Sources */,
				2675E18125286B1A00F8FAB4 /* AddIndexViewController.swift in Sources */,
				2675E17D2528490B00F8FAB4 /* CustomTableViewCell.swift in Sources */,
				2675E1682528367500F8FAB4 /* SceneDelegate.swift in Sources */,
			);
			runOnlyForDeploymentPostprocessing = 0;
		};
/* End PBXSourcesBuildPhase section */

/* Begin PBXVariantGroup section */
		2675E16B2528367500F8FAB4 /* Main.storyboard */ = {
			isa = PBXVariantGroup;
			children = (
				2675E16C2528367500F8FAB4 /* Base */,
			);
			name = Main.storyboard;
			sourceTree = "<group>";
		};
		2675E1702528367900F8FAB4 /* LaunchScreen.storyboard */ = {
			isa = PBXVariantGroup;
			children = (
				2675E1712528367900F8FAB4 /* Base */,
			);
			name = LaunchScreen.storyboard;
			sourceTree = "<group>";
		};
/* End PBXVariantGroup section */

/* Begin XCBuildConfiguration section */
		2675E1742528367900F8FAB4 /* Debug */ = {
			isa = XCBuildConfiguration;
			buildSettings = {
				ALWAYS_SEARCH_USER_PATHS = NO;
				CLANG_ANALYZER_NONNULL = YES;
				CLANG_ANALYZER_NUMBER_OBJECT_CONVERSION = YES_AGGRESSIVE;
				CLANG_CXX_LANGUAGE_STANDARD = "gnu++14";
				CLANG_CXX_LIBRARY = "libc++";
				CLANG_ENABLE_MODULES = YES;
				CLANG_ENABLE_OBJC_ARC = YES;
				CLANG_ENABLE_OBJC_WEAK = YES;
				CLANG_WARN_BLOCK_CAPTURE_AUTORELEASING = YES;
				CLANG_WARN_BOOL_CONVERSION = YES;
				CLANG_WARN_COMMA = YES;
				CLANG_WARN_CONSTANT_CONVERSION = YES;
				CLANG_WARN_DEPRECATED_OBJC_IMPLEMENTATIONS = YES;
				CLANG_WARN_DIRECT_OBJC_ISA_USAGE = YES_ERROR;
				CLANG_WARN_DOCUMENTATION_COMMENTS = YES;
				CLANG_WARN_EMPTY_BODY = YES;
				CLANG_WARN_ENUM_CONVERSION = YES;
				CLANG_WARN_INFINITE_RECURSION = YES;
				CLANG_WARN_INT_CONVERSION = YES;
				CLANG_WARN_NON_LITERAL_NULL_CONVERSION = YES;
				CLANG_WARN_OBJC_IMPLICIT_RETAIN_SELF = YES;
				CLANG_WARN_OBJC_LITERAL_CONVERSION = YES;
				CLANG_WARN_OBJC_ROOT_CLASS = YES_ERROR;
				CLANG_WARN_RANGE_LOOP_ANALYSIS = YES;
				CLANG_WARN_STRICT_PROTOTYPES = YES;
				CLANG_WARN_SUSPICIOUS_MOVE = YES;
				CLANG_WARN_UNGUARDED_AVAILABILITY = YES_AGGRESSIVE;
				CLANG_WARN_UNREACHABLE_CODE = YES;
				CLANG_WARN__DUPLICATE_METHOD_MATCH = YES;
				COPY_PHASE_STRIP = NO;
				DEBUG_INFORMATION_FORMAT = dwarf;
				ENABLE_STRICT_OBJC_MSGSEND = YES;
				ENABLE_TESTABILITY = YES;
				GCC_C_LANGUAGE_STANDARD = gnu11;
				GCC_DYNAMIC_NO_PIC = NO;
				GCC_NO_COMMON_BLOCKS = YES;
				GCC_OPTIMIZATION_LEVEL = 0;
				GCC_PREPROCESSOR_DEFINITIONS = (
					"DEBUG=1",
					"$(inherited)",
				);
				GCC_WARN_64_TO_32_BIT_CONVERSION = YES;
				GCC_WARN_ABOUT_RETURN_TYPE = YES_ERROR;
				GCC_WARN_UNDECLARED_SELECTOR = YES;
				GCC_WARN_UNINITIALIZED_AUTOS = YES_AGGRESSIVE;
				GCC_WARN_UNUSED_FUNCTION = YES;
				GCC_WARN_UNUSED_VARIABLE = YES;
				IPHONEOS_DEPLOYMENT_TARGET = 13.2;
				MTL_ENABLE_DEBUG_INFO = INCLUDE_SOURCE;
				MTL_FAST_MATH = YES;
				ONLY_ACTIVE_ARCH = YES;
				SDKROOT = iphoneos;
				SWIFT_ACTIVE_COMPILATION_CONDITIONS = DEBUG;
				SWIFT_OPTIMIZATION_LEVEL = "-Onone";
			};
			name = Debug;
		};
		2675E1752528367900F8FAB4 /* Release */ = {
			isa = XCBuildConfiguration;
			buildSettings = {
				ALWAYS_SEARCH_USER_PATHS = NO;
				CLANG_ANALYZER_NONNULL = YES;
				CLANG_ANALYZER_NUMBER_OBJECT_CONVERSION = YES_AGGRESSIVE;
				CLANG_CXX_LANGUAGE_STANDARD = "gnu++14";
				CLANG_CXX_LIBRARY = "libc++";
				CLANG_ENABLE_MODULES = YES;
				CLANG_ENABLE_OBJC_ARC = YES;
				CLANG_ENABLE_OBJC_WEAK = YES;
				CLANG_WARN_BLOCK_CAPTURE_AUTORELEASING = YES;
				CLANG_WARN_BOOL_CONVERSION = YES;
				CLANG_WARN_COMMA = YES;
				CLANG_WARN_CONSTANT_CONVERSION = YES;
				CLANG_WARN_DEPRECATED_OBJC_IMPLEMENTATIONS = YES;
				CLANG_WARN_DIRECT_OBJC_ISA_USAGE = YES_ERROR;
				CLANG_WARN_DOCUMENTATION_COMMENTS = YES;
				CLANG_WARN_EMPTY_BODY = YES;
				CLANG_WARN_ENUM_CONVERSION = YES;
				CLANG_WARN_INFINITE_RECURSION = YES;
				CLANG_WARN_INT_CONVERSION = YES;
				CLANG_WARN_NON_LITERAL_NULL_CONVERSION = YES;
				CLANG_WARN_OBJC_IMPLICIT_RETAIN_SELF = YES;
				CLANG_WARN_OBJC_LITERAL_CONVERSION = YES;
				CLANG_WARN_OBJC_ROOT_CLASS = YES_ERROR;
				CLANG_WARN_RANGE_LOOP_ANALYSIS = YES;
				CLANG_WARN_STRICT_PROTOTYPES = YES;
				CLANG_WARN_SUSPICIOUS_MOVE = YES;
				CLANG_WARN_UNGUARDED_AVAILABILITY = YES_AGGRESSIVE;
				CLANG_WARN_UNREACHABLE_CODE = YES;
				CLANG_WARN__DUPLICATE_METHOD_MATCH = YES;
				COPY_PHASE_STRIP = NO;
				DEBUG_INFORMATION_FORMAT = "dwarf-with-dsym";
				ENABLE_NS_ASSERTIONS = NO;
				ENABLE_STRICT_OBJC_MSGSEND = YES;
				GCC_C_LANGUAGE_STANDARD = gnu11;
				GCC_NO_COMMON_BLOCKS = YES;
				GCC_WARN_64_TO_32_BIT_CONVERSION = YES;
				GCC_WARN_ABOUT_RETURN_TYPE = YES_ERROR;
				GCC_WARN_UNDECLARED_SELECTOR = YES;
				GCC_WARN_UNINITIALIZED_AUTOS = YES_AGGRESSIVE;
				GCC_WARN_UNUSED_FUNCTION = YES;
				GCC_WARN_UNUSED_VARIABLE = YES;
				IPHONEOS_DEPLOYMENT_TARGET = 13.2;
				MTL_ENABLE_DEBUG_INFO = NO;
				MTL_FAST_MATH = YES;
				SDKROOT = iphoneos;
				SWIFT_COMPILATION_MODE = wholemodule;
				SWIFT_OPTIMIZATION_LEVEL = "-O";
				VALIDATE_PRODUCT = YES;
			};
			name = Release;
		};
		2675E1772528367900F8FAB4 /* Debug */ = {
			isa = XCBuildConfiguration;
			buildSettings = {
				ASSETCATALOG_COMPILER_APPICON_NAME = AppIcon;
				CODE_SIGN_STYLE = Automatic;
				INFOPLIST_FILE = "SystemTask-Pyramidions/Info.plist";
				LD_RUNPATH_SEARCH_PATHS = (
					"$(inherited)",
					"@executable_path/Frameworks",
				);
				PRODUCT_BUNDLE_IDENTIFIER = "com.sample.dev.SystemTask-Pyramidions";
				PRODUCT_NAME = "$(TARGET_NAME)";
				SWIFT_VERSION = 5.0;
				TARGETED_DEVICE_FAMILY = "1,2";
			};
			name = Debug;
		};
		2675E1782528367900F8FAB4 /* Release */ = {
			isa = XCBuildConfiguration;
			buildSettings = {
				ASSETCATALOG_COMPILER_APPICON_NAME = AppIcon;
				CODE_SIGN_STYLE = Automatic;
				INFOPLIST_FILE = "SystemTask-Pyramidions/Info.plist";
				LD_RUNPATH_SEARCH_PATHS = (
					"$(inherited)",
					"@executable_path/Frameworks",
				);
				PRODUCT_BUNDLE_IDENTIFIER = "com.sample.dev.SystemTask-Pyramidions";
				PRODUCT_NAME = "$(TARGET_NAME)";
				SWIFT_VERSION = 5.0;
				TARGETED_DEVICE_FAMILY = "1,2";
			};
			name = Release;
		};
/* End XCBuildConfiguration section */

/* Begin XCConfigurationList section */
		2675E15D2528367500F8FAB4 /* Build configuration list for PBXProject "SystemTask-Pyramidions" */ = {
			isa = XCConfigurationList;
			buildConfigurations = (
				2675E1742528367900F8FAB4 /* Debug */,
				2675E1752528367900F8FAB4 /* Release */,
			);
			defaultConfigurationIsVisible = 0;
			defaultConfigurationName = Release;
		};
		2675E1762528367900F8FAB4 /* Build configuration list for PBXNativeTarget "SystemTask-Pyramidions" */ = {
			isa = XCConfigurationList;
			buildConfigurations = (
				2675E1772528367900F8FAB4 /* Debug */,
				2675E1782528367900F8FAB4 /* Release */,
			);
			defaultConfigurationIsVisible = 0;
			defaultConfigurationName = Release;
		};
/* End XCConfigurationList section */
	};
	rootObject = 2675E15A2528367500F8FAB4 /* Project object */;
}
